
Microsoft Visual Studio Solution File, Format Version 12.00
# Visual Studio Version 17
VisualStudioVersion = 17.9.34714.143
MinimumVisualStudioVersion = 10.0.40219.1
Project("{FAE04EC0-301F-11D3-BF4B-00C04F79EFBC}") = "ConsoleAppGIT", "ConsoleAppGIT\ConsoleAppGIT.csproj", "{7595F997-8F7C-4A22-95A3-42A109DDDD3C}"
EndProject
Global
	GlobalSection(SolutionConfigurationPlatforms) = preSolution
		Debug|Any CPU = Debug|Any CPU
		Release|Any CPU = Release|Any CPU
	EndGlobalSection
	GlobalSection(ProjectConfigurationPlatforms) = postSolution
		{7595F997-8F7C-4A22-95A3-42A109DDDD3C}.Debug|Any CPU.ActiveCfg = Debug|Any CPU
		{7595F997-8F7C-4A22-95A3-42A109DDDD3C}.Debug|Any CPU.Build.0 = Debug|Any CPU
		{7595F997-8F7C-4A22-95A3-42A109DDDD3C}.Release|Any CPU.ActiveCfg = Release|Any CPU
		{7595F997-8F7C-4A22-95A3-42A109DDDD3C}.Release|Any CPU.Build.0 = Release|Any CPU
	EndGlobalSection
	GlobalSection(SolutionProperties) = preSolution
		HideSolutionNode = FALSE
	EndGlobalSection
	GlobalSection(ExtensibilityGlobals) = postSolution
		SolutionGuid = {A28DCF18-C459-4643-A572-D3E6E12EDDCB}
	EndGlobalSection
EndGlobal
